{
  "version": 4,
  "terraform_version": "1.7.5",
  "serial": 8,
  "lineage": "0e7e314a-337b-6c54-07f7-b7008e3a600a",
  "outputs": {},
  "resources": [
    {
      "module": "module.gke_cluster",
      "mode": "managed",
      "type": "google_container_cluster",
      "name": "my_cluster",
      "provider": "provider[\"registry.terraform.io/hashicorp/google\"]",
      "instances": [
        {
          "schema_version": 1,
          "attributes": {
            "addons_config": [
              {
                "cloudrun_config": [],
                "config_connector_config": [],
                "dns_cache_config": [],
                "gce_persistent_disk_csi_driver_config": [
                  {
                    "enabled": true
                  }
                ],
                "gcp_filestore_csi_driver_config": [],
                "gcs_fuse_csi_driver_config": [],
                "gke_backup_agent_config": [],
                "horizontal_pod_autoscaling": [
                  {
                    "disabled": false
                  }
                ],
                "http_load_balancing": [
                  {
                    "disabled": false
                  }
                ],
                "network_policy_config": [
                  {
                    "disabled": true
                  }
                ]
              }
            ],
            "allow_net_admin": null,
            "authenticator_groups_config": [],
            "binary_authorization": [
              {
                "enabled": false,
                "evaluation_mode": ""
              }
            ],
            "cluster_autoscaling": [
              {
                "auto_provisioning_defaults": [],
                "enabled": false,
                "resource_limits": []
              }
            ],
            "cluster_ipv4_cidr": "10.60.0.0/14",
            "confidential_nodes": [],
            "cost_management_config": [],
            "database_encryption": [
              {
                "key_name": "",
                "state": "DECRYPTED"
              }
            ],
            "datapath_provider": "",
            "default_max_pods_per_node": 110,
            "default_snat_status": [
              {
                "disabled": false
              }
            ],
            "description": "",
            "dns_config": [],
            "enable_autopilot": false,
            "enable_binary_authorization": false,
            "enable_intranode_visibility": false,
            "enable_k8s_beta_apis": [],
            "enable_kubernetes_alpha": false,
            "enable_l4_ilb_subsetting": false,
            "enable_legacy_abac": false,
            "enable_shielded_nodes": true,
            "enable_tpu": false,
            "endpoint": "35.196.179.128",
            "gateway_api_config": [],
            "id": "projects/famous-plexus-455109-g2/locations/us-east1/clusters/my-gke-cluster",
            "initial_node_count": 1,
            "ip_allocation_policy": [
              {
                "additional_pod_ranges_config": [],
                "cluster_ipv4_cidr_block": "10.60.0.0/14",
                "cluster_secondary_range_name": "gke-my-gke-cluster-pods-49a7d464",
                "pod_cidr_overprovision_config": [
                  {
                    "disabled": false
                  }
                ],
                "services_ipv4_cidr_block": "34.118.224.0/20",
                "services_secondary_range_name": "",
                "stack_type": "IPV4"
              }
            ],
            "label_fingerprint": "a9dc16a7",
            "location": "us-east1",
            "logging_config": [
              {
                "enable_components": [
                  "SYSTEM_COMPONENTS",
                  "WORKLOADS"
                ]
              }
            ],
            "logging_service": "logging.googleapis.com/kubernetes",
            "maintenance_policy": [],
            "master_auth": [
              {
                "client_certificate": "",
                "client_certificate_config": [
                  {
                    "issue_client_certificate": false
                  }
                ],
                "client_key": "",
                "cluster_ca_certificate": "LS0tLS1CRUdJTiBDRVJUSUZJQ0FURS0tLS0tCk1JSUVMVENDQXBXZ0F3SUJBZ0lSQU93VWlnVVluN0Y5Z0tseEhMemE2dzR3RFFZSktvWklodmNOQVFFTEJRQXcKTHpFdE1Dc0dBMVVFQXhNa1pqWmlPV0ZpT0RndE5URXhNeTAwWXpZd0xXSTFOV010TmpNeVpESmpOR1kyWVRKaApNQ0FYRFRJMU1EWXdNakUwTlRreE0xb1lEekl3TlRVd05USTJNVFUxT1RFeldqQXZNUzB3S3dZRFZRUURFeVJtCk5tSTVZV0k0T0MwMU1URXpMVFJqTmpBdFlqVTFZeTAyTXpKa01tTTBaalpoTW1Fd2dnR2lNQTBHQ1NxR1NJYjMKRFFFQkFRVUFBNElCandBd2dnR0tBb0lCZ1FETWkxSU15YnRGb0hnYXIzT2p3cis5RGJjdWRnbkwzK1ZsV0lCOAo3YVlvTGNNRFFTT0tERndHTEZkUytmV1FodGFQbFhrcUlnTHBCcjZ4SDJQeWhMMWFkb1d1UXo4eEVjaGhlQUxOCnZNc082TnQzUEdpWitGWkcyTmZZbm9ISmtCaHdOSXZPTTZ0Ukc3Rzd3N1NzWWVMTG5XdytjZTZPUzBnOEVBNysKTU1EYTFldWRSZXdhR0VEUGNpV1NuVk80clg1YTVNM0FqVE1OdGVzalFYU1F3enhnNkZsSzEwNnBtNnJnZ21PUgpNRGpLajR5ZTFYbmdRS2xNTTBtMnJab2NLbHphMHdTZ3ppQU5wOU5LMlF3aTVXTG5tTXRqN29TcCsxbndwcWJPClh2RHIwUnhNZ2c4dW9lcklTeDduSjVXTDRMUnpsdTRQZk9tVXpvQUZQKzUrcEZZaHRXYjlnU0pyM0tJQ1hEeEgKc0VOa242SGtuQ2twTXRyRlVNY1QrV0pNSGJ0Yk05aG9hV21KeWlCSTRCTE52OGZ6b3l5TGsrWXNjRVVRK2RLcgpKRG5ReFpOQ05LZXJiS0s4cGYvYmlLVUJ3dVdnWitZZlVhWGNrenl0T0RuaXBvK1FwMzBpVE1oWVlUaUtqSUc0Cm5aNGx3Y1JYYmtPdlBZdVpKa1NaeG44c3l4TUNBd0VBQWFOQ01FQXdEZ1lEVlIwUEFRSC9CQVFEQWdJRU1BOEcKQTFVZEV3RUIvd1FGTUFNQkFmOHdIUVlEVlIwT0JCWUVGRmxjUWxQTmxicVdhVld2NXkwdkxlTC8yS3FZTUEwRwpDU3FHU0liM0RRRUJDd1VBQTRJQmdRQXRVdmZlU1h5TjFETjArVjhMcHQrTHZNM0U1aTZLUEFHYmxmWTF5OTR4CjVKYjkzeC90V0tQbk5kUno2dm0rNkRMbnFYR2hDQmVzSDJhdnZ6L0RwdnB5QXp1MTZTSUZPa3dqZVlrRzdMbnIKbHJNRklGMlhFenBGeTM0RlMxdHJaSG1sT0YrZmVsZWhIeE1EM0tXTTB1cC9Rc243OXBFcGViK0Z2eXIrSDRzUwpOREowZjZFZFJLNnJJRDRXNGlmZHdPY1hIeTBqbkdFbzBRc0FuS2JCNHNXQzlpQUUxKzBpSFF4TTE0OGY0WFF0CmZGZEhLcGRCckdpZ1lEcTJudkFiK1pwcldnNHo5YXE3RDREZU9kOStTZ2U5OFRnQWpaWmc1NkNQZUtJTjlEaFEKeUlMR05yYUwxMlZmYzRhTFl6bm5HUG0xVDVUSXhQMFhPOEp6SFprVkJJUFVKNG50Y2doN1VyQnpkRFN2WXRQYwpCRXdvbXdTNGJmTG9SbnpYQWZ2M2NsMUpiOEpZazFULzBXbklVMmFPNXkya0p4QnlTQlpidUVyMU14bVBVTDJNCklNTEpTSWt0ZTNnZ1EwWDRBcFczM210aXh0RmdGOE9EVFhnTkUzbFFIb2ZFMzN4ZkxQdXlXem9vdlhHQ1NnODIKNlp4V3pFNGZMKy9oN3NTNmZEazJMZHM9Ci0tLS0tRU5EIENFUlRJRklDQVRFLS0tLS0K"
              }
            ],
            "master_authorized_networks_config": [],
            "master_version": "1.31.7-gke.1390000",
            "mesh_certificates": [],
            "min_master_version": "1.31.7-gke.1390000",
            "monitoring_config": [
              {
                "advanced_datapath_observability_config": [
                  {
                    "enable_metrics": false,
                    "relay_mode": ""
                  }
                ],
                "enable_components": [
                  "SYSTEM_COMPONENTS",
                  "HPA",
                  "POD",
                  "DAEMONSET",
                  "DEPLOYMENT",
                  "STATEFULSET",
                  "STORAGE",
                  "CADVISOR",
                  "KUBELET"
                ],
                "managed_prometheus": [
                  {
                    "enabled": true
                  }
                ]
              }
            ],
            "monitoring_service": "monitoring.googleapis.com/kubernetes",
            "name": "my-gke-cluster",
            "network": "projects/famous-plexus-455109-g2/global/networks/my-vpc",
            "network_policy": [
              {
                "enabled": false,
                "provider": "PROVIDER_UNSPECIFIED"
              }
            ],
            "networking_mode": "VPC_NATIVE",
            "node_config": [],
            "node_locations": [
              "us-east1-b",
              "us-east1-c",
              "us-east1-d"
            ],
            "node_pool": [],
            "node_pool_auto_config": [],
            "node_pool_defaults": [
              {
                "node_config_defaults": [
                  {
                    "logging_variant": "DEFAULT"
                  }
                ]
              }
            ],
            "node_version": "1.31.7-gke.1390000",
            "notification_config": [
              {
                "pubsub": [
                  {
                    "enabled": false,
                    "filter": [],
                    "topic": ""
                  }
                ]
              }
            ],
            "operation": null,
            "private_cluster_config": [
              {
                "enable_private_endpoint": false,
                "enable_private_nodes": true,
                "master_global_access_config": [
                  {
                    "enabled": false
                  }
                ],
                "master_ipv4_cidr_block": "172.16.0.16/28",
                "peering_name": "",
                "private_endpoint": "172.16.0.18",
                "private_endpoint_subnetwork": "",
                "public_endpoint": "35.196.179.128"
              }
            ],
            "private_ipv6_google_access": "",
            "project": "famous-plexus-455109-g2",
            "release_channel": [
              {
                "channel": "STABLE"
              }
            ],
            "remove_default_node_pool": true,
            "resource_labels": null,
            "resource_usage_export_config": [],
            "security_posture_config": [
              {
                "mode": "BASIC",
                "vulnerability_mode": "VULNERABILITY_MODE_UNSPECIFIED"
              }
            ],
            "self_link": "https://container.googleapis.com/v1/projects/famous-plexus-455109-g2/locations/us-east1/clusters/my-gke-cluster",
            "service_external_ips_config": [
              {
                "enabled": false
              }
            ],
            "services_ipv4_cidr": "34.118.224.0/20",
            "subnetwork": "projects/famous-plexus-455109-g2/regions/us-east1/subnetworks/my-subnet",
            "timeouts": null,
            "tpu_ipv4_cidr_block": "",
            "vertical_pod_autoscaling": [],
            "workload_identity_config": []
          },
          "sensitive_attributes": [],
          "private": "eyJlMmJmYjczMC1lY2FhLTExZTYtOGY4OC0zNDM2M2JjN2M0YzAiOnsiY3JlYXRlIjoyNDAwMDAwMDAwMDAwLCJkZWxldGUiOjI0MDAwMDAwMDAwMDAsInJlYWQiOjI0MDAwMDAwMDAwMDAsInVwZGF0ZSI6MzYwMDAwMDAwMDAwMH0sInNjaGVtYV92ZXJzaW9uIjoiMSJ9",
          "dependencies": [
            "module.vpc.google_compute_network.vpc_network",
            "module.vpc.google_compute_subnetwork.vpc_subnet"
          ]
        }
      ]
    },
    {
      "module": "module.gke_node_pool",
      "mode": "managed",
      "type": "google_container_node_pool",
      "name": "primary_nodes",
      "provider": "provider[\"registry.terraform.io/hashicorp/google\"]",
      "instances": [
        {
          "schema_version": 1,
          "attributes": {
            "autoscaling": [
              {
                "location_policy": "BALANCED",
                "max_node_count": 3,
                "min_node_count": 1,
                "total_max_node_count": 0,
                "total_min_node_count": 0
              }
            ],
            "cluster": "my-gke-cluster",
            "id": "projects/famous-plexus-455109-g2/locations/us-east1/clusters/my-gke-cluster/nodePools/primary-node-pool",
            "initial_node_count": 2,
            "instance_group_urls": [
              "https://www.googleapis.com/compute/v1/projects/famous-plexus-455109-g2/zones/us-east1-c/instanceGroupManagers/gke-my-gke-cluster-primary-node-pool-bca16e64-grp",
              "https://www.googleapis.com/compute/v1/projects/famous-plexus-455109-g2/zones/us-east1-b/instanceGroupManagers/gke-my-gke-cluster-primary-node-pool-43321cf0-grp",
              "https://www.googleapis.com/compute/v1/projects/famous-plexus-455109-g2/zones/us-east1-d/instanceGroupManagers/gke-my-gke-cluster-primary-node-pool-fe00756e-grp"
            ],
            "location": "us-east1",
            "managed_instance_group_urls": [
              "https://www.googleapis.com/compute/v1/projects/famous-plexus-455109-g2/zones/us-east1-c/instanceGroups/gke-my-gke-cluster-primary-node-pool-bca16e64-grp",
              "https://www.googleapis.com/compute/v1/projects/famous-plexus-455109-g2/zones/us-east1-b/instanceGroups/gke-my-gke-cluster-primary-node-pool-43321cf0-grp",
              "https://www.googleapis.com/compute/v1/projects/famous-plexus-455109-g2/zones/us-east1-d/instanceGroups/gke-my-gke-cluster-primary-node-pool-fe00756e-grp"
            ],
            "management": [
              {
                "auto_repair": true,
                "auto_upgrade": true
              }
            ],
            "max_pods_per_node": 110,
            "name": "primary-node-pool",
            "name_prefix": "",
            "network_config": [
              {
                "create_pod_range": false,
                "enable_private_nodes": true,
                "pod_cidr_overprovision_config": [],
                "pod_ipv4_cidr_block": "10.60.0.0/14",
                "pod_range": "gke-my-gke-cluster-pods-49a7d464"
              }
            ],
            "node_config": [
              {
                "advanced_machine_features": [],
                "boot_disk_kms_key": "",
                "confidential_nodes": [],
                "disk_size_gb": 30,
                "disk_type": "pd-standard",
                "ephemeral_storage_local_ssd_config": [],
                "fast_socket": [],
                "gcfs_config": [],
                "guest_accelerator": [],
                "gvnic": [],
                "host_maintenance_policy": [],
                "image_type": "COS_CONTAINERD",
                "kubelet_config": [
                  {
                    "cpu_cfs_quota": false,
                    "cpu_cfs_quota_period": "",
                    "cpu_manager_policy": "",
                    "pod_pids_limit": 0
                  }
                ],
                "labels": {
                  "env": "dev"
                },
                "linux_node_config": [],
                "local_nvme_ssd_block_config": [],
                "local_ssd_count": 0,
                "logging_variant": "DEFAULT",
                "machine_type": "e2-small",
                "metadata": {
                  "disable-legacy-endpoints": "true"
                },
                "min_cpu_platform": "",
                "node_group": "",
                "oauth_scopes": [
                  "https://www.googleapis.com/auth/cloud-platform"
                ],
                "preemptible": false,
                "reservation_affinity": [],
                "resource_labels": {
                  "goog-gke-node-pool-provisioning-model": "on-demand"
                },
                "service_account": "default",
                "shielded_instance_config": [
                  {
                    "enable_integrity_monitoring": true,
                    "enable_secure_boot": false
                  }
                ],
                "sole_tenant_config": [],
                "spot": false,
                "tags": [
                  "gke-node"
                ],
                "taint": [],
                "workload_metadata_config": []
              }
            ],
            "node_count": 2,
            "node_locations": [
              "us-east1-b",
              "us-east1-c",
              "us-east1-d"
            ],
            "operation": null,
            "placement_policy": [],
            "project": "famous-plexus-455109-g2",
            "timeouts": null,
            "upgrade_settings": [
              {
                "blue_green_settings": [],
                "max_surge": 1,
                "max_unavailable": 0,
                "strategy": "SURGE"
              }
            ],
            "version": "1.31.7-gke.1390000"
          },
          "sensitive_attributes": [],
          "private": "eyJlMmJmYjczMC1lY2FhLTExZTYtOGY4OC0zNDM2M2JjN2M0YzAiOnsiY3JlYXRlIjoxODAwMDAwMDAwMDAwLCJkZWxldGUiOjE4MDAwMDAwMDAwMDAsInVwZGF0ZSI6MTgwMDAwMDAwMDAwMH0sInNjaGVtYV92ZXJzaW9uIjoiMSJ9",
          "dependencies": [
            "module.gke_cluster.google_container_cluster.my_cluster",
            "module.vpc.google_compute_network.vpc_network",
            "module.vpc.google_compute_subnetwork.vpc_subnet"
          ]
        }
      ]
    },
    {
      "module": "module.vpc",
      "mode": "managed",
      "type": "google_compute_network",
      "name": "vpc_network",
      "provider": "provider[\"registry.terraform.io/hashicorp/google\"]",
      "instances": [
        {
          "schema_version": 0,
          "attributes": {
            "auto_create_subnetworks": false,
            "delete_default_routes_on_create": false,
            "description": "",
            "enable_ula_internal_ipv6": false,
            "gateway_ipv4": "",
            "id": "projects/famous-plexus-455109-g2/global/networks/my-vpc",
            "internal_ipv6_range": "",
            "mtu": 0,
            "name": "my-vpc",
            "network_firewall_policy_enforcement_order": "AFTER_CLASSIC_FIREWALL",
            "project": "famous-plexus-455109-g2",
            "routing_mode": "REGIONAL",
            "self_link": "https://www.googleapis.com/compute/v1/projects/famous-plexus-455109-g2/global/networks/my-vpc",
            "timeouts": null
          },
          "sensitive_attributes": [],
          "private": "eyJlMmJmYjczMC1lY2FhLTExZTYtOGY4OC0zNDM2M2JjN2M0YzAiOnsiY3JlYXRlIjoxMjAwMDAwMDAwMDAwLCJkZWxldGUiOjEyMDAwMDAwMDAwMDAsInVwZGF0ZSI6MTIwMDAwMDAwMDAwMH19"
        }
      ]
    },
    {
      "module": "module.vpc",
      "mode": "managed",
      "type": "google_compute_subnetwork",
      "name": "vpc_subnet",
      "provider": "provider[\"registry.terraform.io/hashicorp/google\"]",
      "instances": [
        {
          "schema_version": 0,
          "attributes": {
            "creation_timestamp": "2025-06-02T08:55:15.923-07:00",
            "description": "",
            "external_ipv6_prefix": "",
            "fingerprint": null,
            "gateway_address": "10.10.0.1",
            "id": "projects/famous-plexus-455109-g2/regions/us-east1/subnetworks/my-subnet",
            "internal_ipv6_prefix": "",
            "ip_cidr_range": "10.10.0.0/16",
            "ipv6_access_type": "",
            "ipv6_cidr_range": "",
            "log_config": [],
            "name": "my-subnet",
            "network": "https://www.googleapis.com/compute/v1/projects/famous-plexus-455109-g2/global/networks/my-vpc",
            "private_ip_google_access": false,
            "private_ipv6_google_access": "DISABLE_GOOGLE_ACCESS",
            "project": "famous-plexus-455109-g2",
            "purpose": "PRIVATE",
            "region": "us-east1",
            "role": "",
            "secondary_ip_range": [],
            "self_link": "https://www.googleapis.com/compute/v1/projects/famous-plexus-455109-g2/regions/us-east1/subnetworks/my-subnet",
            "stack_type": "IPV4_ONLY",
            "timeouts": null
          },
          "sensitive_attributes": [],
          "private": "eyJlMmJmYjczMC1lY2FhLTExZTYtOGY4OC0zNDM2M2JjN2M0YzAiOnsiY3JlYXRlIjoxMjAwMDAwMDAwMDAwLCJkZWxldGUiOjEyMDAwMDAwMDAwMDAsInVwZGF0ZSI6MTIwMDAwMDAwMDAwMH19",
          "dependencies": [
            "module.vpc.google_compute_network.vpc_network"
          ]
        }
      ]
    }
  ],
  "check_results": null
}
